
Microsoft Visual Studio Solution File, Format Version 12.00
# Visual Studio Version 17
VisualStudioVersion = 17.11.35222.181
MinimumVisualStudioVersion = 10.0.40219.1
Project("{2150E333-8FDC-42A3-9474-1A3956D46DE8}") = "Providers", "Providers", "{0B3F9412-F7C7-48F7-8A6D-A8F869109ACE}"
EndProject
Project("{2150E333-8FDC-42A3-9474-1A3956D46DE8}") = "Abstraction Provider", "Abstraction Provider", "{D9DBC8E0-956A-4ECB-A359-B203329FFBC6}"
EndProject
Project("{2150E333-8FDC-42A3-9474-1A3956D46DE8}") = "PDS-FHIR", "PDS-FHIR", "{2B796AAA-5C90-4FF2-A66D-57D4CF83DFCF}"
EndProject
Project("{2150E333-8FDC-42A3-9474-1A3956D46DE8}") = "FAKE-FHIR", "FAKE-FHIR", "{8D1844CB-D1E7-4CDA-9C9E-44F6A793C4C7}"
EndProject
Project("{FAE04EC0-301F-11D3-BF4B-00C04F79EFBC}") = "ISL.Providers.PDS.Infrastructure", "ISL.Providers.PDS.Infrastructure\ISL.Providers.PDS.Infrastructure.csproj", "{C848D8C6-EEB1-875B-F80C-5BE9293EDD3A}"
EndProject
Project("{FAE04EC0-301F-11D3-BF4B-00C04F79EFBC}") = "ISL.Providers.PDS.Abstractions", "ISL.Providers.PDS.Abstractions\ISL.Providers.PDS.Abstractions.csproj", "{2BA7FCFB-A837-5584-73A0-44ACE11B0731}"
EndProject
Project("{FAE04EC0-301F-11D3-BF4B-00C04F79EFBC}") = "ISL.Providers.PDS.Abstractions.Tests.Acceptance", "ISL.Providers.PDS.Abstractions.Tests.Acceptance\ISL.Providers.PDS.Abstractions.Tests.Acceptance.csproj", "{5AE58D06-B093-ACF7-01B5-A56C5CEB1936}"
EndProject
Project("{FAE04EC0-301F-11D3-BF4B-00C04F79EFBC}") = "ISL.Providers.PDS.Abstractions.Tests.Unit", "ISL.Providers.PDS.Abstractions.Tests.Unit\ISL.Providers.PDS.Abstractions.Tests.Unit.csproj", "{9B0F1D17-1CBD-1DB0-118C-A24426328EBA}"
EndProject
Project("{FAE04EC0-301F-11D3-BF4B-00C04F79EFBC}") = "ISL.Providers.PDS.FakeFHIR", "ISL.Providers.PDS.FakeFHIR\ISL.Providers.PDS.FakeFHIR.csproj", "{D9384BC7-C223-6EC0-62DA-A0ACAA942D74}"
EndProject
Project("{FAE04EC0-301F-11D3-BF4B-00C04F79EFBC}") = "ISL.Providers.PDS.FakeFHIR.Tests.Acceptance", "ISL.Providers.PDS.FakeFHIR.Tests.Acceptance\ISL.Providers.PDS.FakeFHIR.Tests.Acceptance.csproj", "{9C84D8E7-D114-55E1-7530-02F0CDE6E4FE}"
EndProject
Project("{FAE04EC0-301F-11D3-BF4B-00C04F79EFBC}") = "ISL.Providers.PDS.FakeFHIR.Tests.Integration", "ISL.Providers.PDS.FakeFHIR.Tests.Integration\ISL.Providers.PDS.FakeFHIR.Tests.Integration.csproj", "{85C5B303-B4D3-AAC8-2BB6-C90B3D465CF2}"
EndProject
Project("{FAE04EC0-301F-11D3-BF4B-00C04F79EFBC}") = "ISL.Providers.PDS.FakeFHIR.Tests.Unit", "ISL.Providers.PDS.FakeFHIR.Tests.Unit\ISL.Providers.PDS.FakeFHIR.Tests.Unit.csproj", "{9DB90A50-4361-44A4-A4C6-CB1BBA526D2F}"
EndProject
Project("{FAE04EC0-301F-11D3-BF4B-00C04F79EFBC}") = "ISL.Providers.PDS.FHIR", "ISL.Providers.PDS.FHIR\ISL.Providers.PDS.FHIR.csproj", "{78A4517B-4224-3B8B-5995-686A336F7FFD}"
EndProject
Project("{FAE04EC0-301F-11D3-BF4B-00C04F79EFBC}") = "ISL.Providers.PDS.FHIR.Tests.Acceptance", "ISL.Providers.PDS.FHIR.Tests.Acceptance\ISL.Providers.PDS.FHIR.Tests.Acceptance.csproj", "{DB73FF72-9F03-9D36-68E8-AAAD036FF2D9}"
EndProject
Project("{FAE04EC0-301F-11D3-BF4B-00C04F79EFBC}") = "ISL.Providers.PDS.FHIR.Tests.Integration", "ISL.Providers.PDS.FHIR.Tests.Integration\ISL.Providers.PDS.FHIR.Tests.Integration.csproj", "{FF2DDED9-2AEB-9107-ABE1-2985DF133B01}"
EndProject
Project("{FAE04EC0-301F-11D3-BF4B-00C04F79EFBC}") = "ISL.Providers.PDS.FHIR.Tests.Unit", "ISL.Providers.PDS.FHIR.Tests.Unit\ISL.Providers.PDS.FHIR.Tests.Unit.csproj", "{E1728619-B1AC-A7C9-AD1B-C9B332D8B571}"
EndProject
Global
	GlobalSection(SolutionConfigurationPlatforms) = preSolution
		Debug|Any CPU = Debug|Any CPU
		Release|Any CPU = Release|Any CPU
	EndGlobalSection
	GlobalSection(ProjectConfigurationPlatforms) = postSolution
		{C848D8C6-EEB1-875B-F80C-5BE9293EDD3A}.Debug|Any CPU.ActiveCfg = Debug|Any CPU
		{C848D8C6-EEB1-875B-F80C-5BE9293EDD3A}.Debug|Any CPU.Build.0 = Debug|Any CPU
		{C848D8C6-EEB1-875B-F80C-5BE9293EDD3A}.Release|Any CPU.ActiveCfg = Release|Any CPU
		{C848D8C6-EEB1-875B-F80C-5BE9293EDD3A}.Release|Any CPU.Build.0 = Release|Any CPU
		{2BA7FCFB-A837-5584-73A0-44ACE11B0731}.Debug|Any CPU.ActiveCfg = Debug|Any CPU
		{2BA7FCFB-A837-5584-73A0-44ACE11B0731}.Debug|Any CPU.Build.0 = Debug|Any CPU
		{2BA7FCFB-A837-5584-73A0-44ACE11B0731}.Release|Any CPU.ActiveCfg = Release|Any CPU
		{2BA7FCFB-A837-5584-73A0-44ACE11B0731}.Release|Any CPU.Build.0 = Release|Any CPU
		{5AE58D06-B093-ACF7-01B5-A56C5CEB1936}.Debug|Any CPU.ActiveCfg = Debug|Any CPU
		{5AE58D06-B093-ACF7-01B5-A56C5CEB1936}.Debug|Any CPU.Build.0 = Debug|Any CPU
		{5AE58D06-B093-ACF7-01B5-A56C5CEB1936}.Release|Any CPU.ActiveCfg = Release|Any CPU
		{5AE58D06-B093-ACF7-01B5-A56C5CEB1936}.Release|Any CPU.Build.0 = Release|Any CPU
		{9B0F1D17-1CBD-1DB0-118C-A24426328EBA}.Debug|Any CPU.ActiveCfg = Debug|Any CPU
		{9B0F1D17-1CBD-1DB0-118C-A24426328EBA}.Debug|Any CPU.Build.0 = Debug|Any CPU
		{9B0F1D17-1CBD-1DB0-118C-A24426328EBA}.Release|Any CPU.ActiveCfg = Release|Any CPU
		{9B0F1D17-1CBD-1DB0-118C-A24426328EBA}.Release|Any CPU.Build.0 = Release|Any CPU
		{D9384BC7-C223-6EC0-62DA-A0ACAA942D74}.Debug|Any CPU.ActiveCfg = Debug|Any CPU
		{D9384BC7-C223-6EC0-62DA-A0ACAA942D74}.Debug|Any CPU.Build.0 = Debug|Any CPU
		{D9384BC7-C223-6EC0-62DA-A0ACAA942D74}.Release|Any CPU.ActiveCfg = Release|Any CPU
		{D9384BC7-C223-6EC0-62DA-A0ACAA942D74}.Release|Any CPU.Build.0 = Release|Any CPU
		{9C84D8E7-D114-55E1-7530-02F0CDE6E4FE}.Debug|Any CPU.ActiveCfg = Debug|Any CPU
		{9C84D8E7-D114-55E1-7530-02F0CDE6E4FE}.Debug|Any CPU.Build.0 = Debug|Any CPU
		{9C84D8E7-D114-55E1-7530-02F0CDE6E4FE}.Release|Any CPU.ActiveCfg = Release|Any CPU
		{9C84D8E7-D114-55E1-7530-02F0CDE6E4FE}.Release|Any CPU.Build.0 = Release|Any CPU
		{85C5B303-B4D3-AAC8-2BB6-C90B3D465CF2}.Debug|Any CPU.ActiveCfg = Debug|Any CPU
		{85C5B303-B4D3-AAC8-2BB6-C90B3D465CF2}.Debug|Any CPU.Build.0 = Debug|Any CPU
		{85C5B303-B4D3-AAC8-2BB6-C90B3D465CF2}.Release|Any CPU.ActiveCfg = Release|Any CPU
		{85C5B303-B4D3-AAC8-2BB6-C90B3D465CF2}.Release|Any CPU.Build.0 = Release|Any CPU
		{9DB90A50-4361-44A4-A4C6-CB1BBA526D2F}.Debug|Any CPU.ActiveCfg = Debug|Any CPU
		{9DB90A50-4361-44A4-A4C6-CB1BBA526D2F}.Debug|Any CPU.Build.0 = Debug|Any CPU
		{9DB90A50-4361-44A4-A4C6-CB1BBA526D2F}.Release|Any CPU.ActiveCfg = Release|Any CPU
		{9DB90A50-4361-44A4-A4C6-CB1BBA526D2F}.Release|Any CPU.Build.0 = Release|Any CPU
		{78A4517B-4224-3B8B-5995-686A336F7FFD}.Debug|Any CPU.ActiveCfg = Debug|Any CPU
		{78A4517B-4224-3B8B-5995-686A336F7FFD}.Debug|Any CPU.Build.0 = Debug|Any CPU
		{78A4517B-4224-3B8B-5995-686A336F7FFD}.Release|Any CPU.ActiveCfg = Release|Any CPU
		{78A4517B-4224-3B8B-5995-686A336F7FFD}.Release|Any CPU.Build.0 = Release|Any CPU
		{DB73FF72-9F03-9D36-68E8-AAAD036FF2D9}.Debug|Any CPU.ActiveCfg = Debug|Any CPU
		{DB73FF72-9F03-9D36-68E8-AAAD036FF2D9}.Debug|Any CPU.Build.0 = Debug|Any CPU
		{DB73FF72-9F03-9D36-68E8-AAAD036FF2D9}.Release|Any CPU.ActiveCfg = Release|Any CPU
		{DB73FF72-9F03-9D36-68E8-AAAD036FF2D9}.Release|Any CPU.Build.0 = Release|Any CPU
		{FF2DDED9-2AEB-9107-ABE1-2985DF133B01}.Debug|Any CPU.ActiveCfg = Debug|Any CPU
		{FF2DDED9-2AEB-9107-ABE1-2985DF133B01}.Debug|Any CPU.Build.0 = Debug|Any CPU
		{FF2DDED9-2AEB-9107-ABE1-2985DF133B01}.Release|Any CPU.ActiveCfg = Release|Any CPU
		{FF2DDED9-2AEB-9107-ABE1-2985DF133B01}.Release|Any CPU.Build.0 = Release|Any CPU
		{E1728619-B1AC-A7C9-AD1B-C9B332D8B571}.Debug|Any CPU.ActiveCfg = Debug|Any CPU
		{E1728619-B1AC-A7C9-AD1B-C9B332D8B571}.Debug|Any CPU.Build.0 = Debug|Any CPU
		{E1728619-B1AC-A7C9-AD1B-C9B332D8B571}.Release|Any CPU.ActiveCfg = Release|Any CPU
		{E1728619-B1AC-A7C9-AD1B-C9B332D8B571}.Release|Any CPU.Build.0 = Release|Any CPU
	EndGlobalSection
	GlobalSection(SolutionProperties) = preSolution
		HideSolutionNode = FALSE
	EndGlobalSection
	GlobalSection(NestedProjects) = preSolution
		{2B796AAA-5C90-4FF2-A66D-57D4CF83DFCF} = {0B3F9412-F7C7-48F7-8A6D-A8F869109ACE}
		{8D1844CB-D1E7-4CDA-9C9E-44F6A793C4C7} = {0B3F9412-F7C7-48F7-8A6D-A8F869109ACE}
		{2BA7FCFB-A837-5584-73A0-44ACE11B0731} = {D9DBC8E0-956A-4ECB-A359-B203329FFBC6}
		{5AE58D06-B093-ACF7-01B5-A56C5CEB1936} = {D9DBC8E0-956A-4ECB-A359-B203329FFBC6}
		{9B0F1D17-1CBD-1DB0-118C-A24426328EBA} = {D9DBC8E0-956A-4ECB-A359-B203329FFBC6}
		{D9384BC7-C223-6EC0-62DA-A0ACAA942D74} = {8D1844CB-D1E7-4CDA-9C9E-44F6A793C4C7}
		{9C84D8E7-D114-55E1-7530-02F0CDE6E4FE} = {8D1844CB-D1E7-4CDA-9C9E-44F6A793C4C7}
		{85C5B303-B4D3-AAC8-2BB6-C90B3D465CF2} = {8D1844CB-D1E7-4CDA-9C9E-44F6A793C4C7}
		{9DB90A50-4361-44A4-A4C6-CB1BBA526D2F} = {8D1844CB-D1E7-4CDA-9C9E-44F6A793C4C7}
		{78A4517B-4224-3B8B-5995-686A336F7FFD} = {2B796AAA-5C90-4FF2-A66D-57D4CF83DFCF}
		{DB73FF72-9F03-9D36-68E8-AAAD036FF2D9} = {2B796AAA-5C90-4FF2-A66D-57D4CF83DFCF}
		{FF2DDED9-2AEB-9107-ABE1-2985DF133B01} = {2B796AAA-5C90-4FF2-A66D-57D4CF83DFCF}
		{E1728619-B1AC-A7C9-AD1B-C9B332D8B571} = {2B796AAA-5C90-4FF2-A66D-57D4CF83DFCF}
	EndGlobalSection
	GlobalSection(ExtensibilityGlobals) = postSolution
		SolutionGuid = {71F274A5-5D15-4661-9D0B-01EBBFF052BA}
	EndGlobalSection
EndGlobal
